// !$*UTF8*$!
{
	archiveVersion = 1;
	classes = {
	};
	objectVersion = 46;
	objects = {

/* Begin PBXBuildFile section */
		CECCCC4B1D2C380000868C29 /* AppDelegate.swift in Sources */ = {isa = PBXBuildFile; fileRef = CECCCC4A1D2C380000868C29 /* AppDelegate.swift */; };
		CECCCC4D1D2C380000868C29 /* ViewController.swift in Sources */ = {isa = PBXBuildFile; fileRef = CECCCC4C1D2C380000868C29 /* ViewController.swift */; };
		CECCCC501D2C380000868C29 /* Main.storyboard in Resources */ = {isa = PBXBuildFile; fileRef = CECCCC4E1D2C380000868C29 /* Main.storyboard */; };
		CECCCC521D2C380000868C29 /* Assets.xcassets in Resources */ = {isa = PBXBuildFile; fileRef = CECCCC511D2C380000868C29 /* Assets.xcassets */; };
		CECCCC551D2C380000868C29 /* LaunchScreen.storyboard in Resources */ = {isa = PBXBuildFile; fileRef = CECCCC531D2C380000868C29 /* LaunchScreen.storyboard */; };
		CECCCC5D1D2C530700868C29 /* EmailLinksController.swift in Sources */ = {isa = PBXBuildFile; fileRef = CECCCC5C1D2C530700868C29 /* EmailLinksController.swift */; };
		CECCD46B1D2EFD2700112294 /* SpeechToTextV1.framework in Frameworks */ = {isa = PBXBuildFile; fileRef = CECCD4691D2EFD2700112294 /* SpeechToTextV1.framework */; };
		CECCD46C1D2EFD2700112294 /* ToneAnalyzerV3.framework in Frameworks */ = {isa = PBXBuildFile; fileRef = CECCD46A1D2EFD2700112294 /* ToneAnalyzerV3.framework */; };
		CECCD46E1D2EFD5400112294 /* SpeechToTextV1.framework in CopyFiles */ = {isa = PBXBuildFile; fileRef = CECCD4691D2EFD2700112294 /* SpeechToTextV1.framework */; settings = {ATTRIBUTES = (CodeSignOnCopy, RemoveHeadersOnCopy, ); }; };
		CECCD46F1D2EFD5400112294 /* ToneAnalyzerV3.framework in CopyFiles */ = {isa = PBXBuildFile; fileRef = CECCD46A1D2EFD2700112294 /* ToneAnalyzerV3.framework */; settings = {ATTRIBUTES = (CodeSignOnCopy, RemoveHeadersOnCopy, ); }; };
		CECCD4711D2EFF8E00112294 /* BMSCore.framework in Frameworks */ = {isa = PBXBuildFile; fileRef = CECCD4701D2EFF8E00112294 /* BMSCore.framework */; };
		CECCD4731D2EFFC600112294 /* BMSAnalyticsAPI.framework in Frameworks */ = {isa = PBXBuildFile; fileRef = CECCD4721D2EFFC600112294 /* BMSAnalyticsAPI.framework */; };
		CECCD4741D2EFFD300112294 /* BMSAnalyticsAPI.framework in CopyFiles */ = {isa = PBXBuildFile; fileRef = CECCD4721D2EFFC600112294 /* BMSAnalyticsAPI.framework */; settings = {ATTRIBUTES = (CodeSignOnCopy, RemoveHeadersOnCopy, ); }; };
		CECCD4751D2EFFD300112294 /* BMSCore.framework in CopyFiles */ = {isa = PBXBuildFile; fileRef = CECCD4701D2EFF8E00112294 /* BMSCore.framework */; settings = {ATTRIBUTES = (CodeSignOnCopy, RemoveHeadersOnCopy, ); }; };
		CECCD4771D2F02A100112294 /* Alamofire.framework in Frameworks */ = {isa = PBXBuildFile; fileRef = CECCD4761D2F02A100112294 /* Alamofire.framework */; };
		CECCD4791D2F02B900112294 /* Alamofire.framework in CopyFiles */ = {isa = PBXBuildFile; fileRef = CECCD4761D2F02A100112294 /* Alamofire.framework */; settings = {ATTRIBUTES = (CodeSignOnCopy, RemoveHeadersOnCopy, ); }; };
		CECCD47B1D2F034B00112294 /* Freddy.framework in Frameworks */ = {isa = PBXBuildFile; fileRef = CECCD47A1D2F034B00112294 /* Freddy.framework */; };
		CECCD47D1D2F035000112294 /* Freddy.framework in CopyFiles */ = {isa = PBXBuildFile; fileRef = CECCD47A1D2F034B00112294 /* Freddy.framework */; settings = {ATTRIBUTES = (CodeSignOnCopy, RemoveHeadersOnCopy, ); }; };
		CECCD47F1D2F037F00112294 /* Starscream.framework in Frameworks */ = {isa = PBXBuildFile; fileRef = CECCD47E1D2F037F00112294 /* Starscream.framework */; };
		CECCD4801D2F037F00112294 /* Starscream.framework in CopyFiles */ = {isa = PBXBuildFile; fileRef = CECCD47E1D2F037F00112294 /* Starscream.framework */; settings = {ATTRIBUTES = (CodeSignOnCopy, RemoveHeadersOnCopy, ); }; };
		CECCD4821D2F039E00112294 /* RestKit.framework in Frameworks */ = {isa = PBXBuildFile; fileRef = CECCD4811D2F039E00112294 /* RestKit.framework */; };
		CECCD4831D2F039E00112294 /* RestKit.framework in CopyFiles */ = {isa = PBXBuildFile; fileRef = CECCD4811D2F039E00112294 /* RestKit.framework */; settings = {ATTRIBUTES = (CodeSignOnCopy, RemoveHeadersOnCopy, ); }; };
		CECCD4851D301F0100112294 /* ToneScore.swift in Sources */ = {isa = PBXBuildFile; fileRef = CECCD4841D301F0100112294 /* ToneScore.swift */; };
/* End PBXBuildFile section */

/* Begin PBXCopyFilesBuildPhase section */
		CECCD46D1D2EFD4A00112294 /* CopyFiles */ = {
			isa = PBXCopyFilesBuildPhase;
			buildActionMask = 2147483647;
			dstPath = "";
			dstSubfolderSpec = 10;
			files = (
				CECCD4741D2EFFD300112294 /* BMSAnalyticsAPI.framework in CopyFiles */,
				CECCD4801D2F037F00112294 /* Starscream.framework in CopyFiles */,
				CECCD4751D2EFFD300112294 /* BMSCore.framework in CopyFiles */,
				CECCD4831D2F039E00112294 /* RestKit.framework in CopyFiles */,
				CECCD46E1D2EFD5400112294 /* SpeechToTextV1.framework in CopyFiles */,
				CECCD4791D2F02B900112294 /* Alamofire.framework in CopyFiles */,
				CECCD47D1D2F035000112294 /* Freddy.framework in CopyFiles */,
				CECCD46F1D2EFD5400112294 /* ToneAnalyzerV3.framework in CopyFiles */,
			);
			runOnlyForDeploymentPostprocessing = 0;
		};
/* End PBXCopyFilesBuildPhase section */

/* Begin PBXFileReference section */
		CECCCC471D2C380000868C29 /* BluemixMobileServicesDemoApp.app */ = {isa = PBXFileReference; explicitFileType = wrapper.application; includeInIndex = 0; path = BluemixMobileServicesDemoApp.app; sourceTree = BUILT_PRODUCTS_DIR; };
		CECCCC4A1D2C380000868C29 /* AppDelegate.swift */ = {isa = PBXFileReference; lastKnownFileType = sourcecode.swift; path = AppDelegate.swift; sourceTree = "<group>"; };
		CECCCC4C1D2C380000868C29 /* ViewController.swift */ = {isa = PBXFileReference; lastKnownFileType = sourcecode.swift; path = ViewController.swift; sourceTree = "<group>"; };
		CECCCC4F1D2C380000868C29 /* Base */ = {isa = PBXFileReference; lastKnownFileType = file.storyboard; name = Base; path = Base.lproj/Main.storyboard; sourceTree = "<group>"; };
		CECCCC511D2C380000868C29 /* Assets.xcassets */ = {isa = PBXFileReference; lastKnownFileType = folder.assetcatalog; path = Assets.xcassets; sourceTree = "<group>"; };
		CECCCC541D2C380000868C29 /* Base */ = {isa = PBXFileReference; lastKnownFileType = file.storyboard; name = Base; path = Base.lproj/LaunchScreen.storyboard; sourceTree = "<group>"; };
		CECCCC561D2C380000868C29 /* Info.plist */ = {isa = PBXFileReference; lastKnownFileType = text.plist.xml; path = Info.plist; sourceTree = "<group>"; };
		CECCCC5C1D2C530700868C29 /* EmailLinksController.swift */ = {isa = PBXFileReference; fileEncoding = 4; lastKnownFileType = sourcecode.swift; path = EmailLinksController.swift; sourceTree = "<group>"; };
		CECCD4691D2EFD2700112294 /* SpeechToTextV1.framework */ = {isa = PBXFileReference; lastKnownFileType = wrapper.framework; name = SpeechToTextV1.framework; path = Carthage/Build/iOS/SpeechToTextV1.framework; sourceTree = "<group>"; };
		CECCD46A1D2EFD2700112294 /* ToneAnalyzerV3.framework */ = {isa = PBXFileReference; lastKnownFileType = wrapper.framework; name = ToneAnalyzerV3.framework; path = Carthage/Build/iOS/ToneAnalyzerV3.framework; sourceTree = "<group>"; };
		CECCD4701D2EFF8E00112294 /* BMSCore.framework */ = {isa = PBXFileReference; lastKnownFileType = wrapper.framework; name = BMSCore.framework; path = Carthage/Build/iOS/BMSCore.framework; sourceTree = "<group>"; };
		CECCD4721D2EFFC600112294 /* BMSAnalyticsAPI.framework */ = {isa = PBXFileReference; lastKnownFileType = wrapper.framework; name = BMSAnalyticsAPI.framework; path = Carthage/Build/iOS/BMSAnalyticsAPI.framework; sourceTree = "<group>"; };
		CECCD4761D2F02A100112294 /* Alamofire.framework */ = {isa = PBXFileReference; lastKnownFileType = wrapper.framework; name = Alamofire.framework; path = Carthage/Build/iOS/Alamofire.framework; sourceTree = "<group>"; };
		CECCD47A1D2F034B00112294 /* Freddy.framework */ = {isa = PBXFileReference; lastKnownFileType = wrapper.framework; name = Freddy.framework; path = Carthage/Build/iOS/Freddy.framework; sourceTree = "<group>"; };
		CECCD47E1D2F037F00112294 /* Starscream.framework */ = {isa = PBXFileReference; lastKnownFileType = wrapper.framework; name = Starscream.framework; path = Carthage/Build/iOS/Starscream.framework; sourceTree = "<group>"; };
		CECCD4811D2F039E00112294 /* RestKit.framework */ = {isa = PBXFileReference; lastKnownFileType = wrapper.framework; name = RestKit.framework; path = Carthage/Build/iOS/RestKit.framework; sourceTree = "<group>"; };
		CECCD4841D301F0100112294 /* ToneScore.swift */ = {isa = PBXFileReference; fileEncoding = 4; lastKnownFileType = sourcecode.swift; path = ToneScore.swift; sourceTree = "<group>"; };
/* End PBXFileReference section */

/* Begin PBXFrameworksBuildPhase section */
		CECCCC441D2C380000868C29 /* Frameworks */ = {
			isa = PBXFrameworksBuildPhase;
			buildActionMask = 2147483647;
			files = (
				CECCD47B1D2F034B00112294 /* Freddy.framework in Frameworks */,
				CECCD47F1D2F037F00112294 /* Starscream.framework in Frameworks */,
				CECCD4771D2F02A100112294 /* Alamofire.framework in Frameworks */,
				CECCD4821D2F039E00112294 /* RestKit.framework in Frameworks */,
				CECCD46B1D2EFD2700112294 /* SpeechToTextV1.framework in Frameworks */,
				CECCD4731D2EFFC600112294 /* BMSAnalyticsAPI.framework in Frameworks */,
				CECCD46C1D2EFD2700112294 /* ToneAnalyzerV3.framework in Frameworks */,
				CECCD4711D2EFF8E00112294 /* BMSCore.framework in Frameworks */,
			);
			runOnlyForDeploymentPostprocessing = 0;
		};
/* End PBXFrameworksBuildPhase section */

/* Begin PBXGroup section */
		96E46CB94A295C0E6B3DC33B /* Frameworks */ = {
			isa = PBXGroup;
			children = (
				CECCD47A1D2F034B00112294 /* Freddy.framework */,
				CECCD4761D2F02A100112294 /* Alamofire.framework */,
				CECCD4721D2EFFC600112294 /* BMSAnalyticsAPI.framework */,
				CECCD4701D2EFF8E00112294 /* BMSCore.framework */,
				CECCD4691D2EFD2700112294 /* SpeechToTextV1.framework */,
				CECCD46A1D2EFD2700112294 /* ToneAnalyzerV3.framework */,
			);
			name = Frameworks;
			sourceTree = "<group>";
		};
		CECCCC3E1D2C380000868C29 = {
			isa = PBXGroup;
			children = (
				CECCD4811D2F039E00112294 /* RestKit.framework */,
				CECCD47E1D2F037F00112294 /* Starscream.framework */,
				CECCCC491D2C380000868C29 /* BluemixMobileServicesDemoApp */,
				CECCCC481D2C380000868C29 /* Products */,
				96E46CB94A295C0E6B3DC33B /* Frameworks */,
			);
			sourceTree = "<group>";
		};
		CECCCC481D2C380000868C29 /* Products */ = {
			isa = PBXGroup;
			children = (
				CECCCC471D2C380000868C29 /* BluemixMobileServicesDemoApp.app */,
			);
			name = Products;
			sourceTree = "<group>";
		};
		CECCCC491D2C380000868C29 /* BluemixMobileServicesDemoApp */ = {
			isa = PBXGroup;
			children = (
				CECCCC4A1D2C380000868C29 /* AppDelegate.swift */,
				CECCCC4C1D2C380000868C29 /* ViewController.swift */,
				CECCCC4E1D2C380000868C29 /* Main.storyboard */,
				CECCCC511D2C380000868C29 /* Assets.xcassets */,
				CECCCC531D2C380000868C29 /* LaunchScreen.storyboard */,
				CECCCC561D2C380000868C29 /* Info.plist */,
				CECCCC5C1D2C530700868C29 /* EmailLinksController.swift */,
				CECCD4841D301F0100112294 /* ToneScore.swift */,
			);
			path = BluemixMobileServicesDemoApp;
			sourceTree = "<group>";
		};
/* End PBXGroup section */

/* Begin PBXNativeTarget section */
		CECCCC461D2C380000868C29 /* BluemixMobileServicesDemoApp */ = {
			isa = PBXNativeTarget;
			buildConfigurationList = CECCCC591D2C380000868C29 /* Build configuration list for PBXNativeTarget "BluemixMobileServicesDemoApp" */;
			buildPhases = (
				CECCCC431D2C380000868C29 /* Sources */,
				CECCCC441D2C380000868C29 /* Frameworks */,
				CECCCC451D2C380000868C29 /* Resources */,
				CECCD46D1D2EFD4A00112294 /* CopyFiles */,
			);
			buildRules = (
			);
			dependencies = (
			);
			name = BluemixMobileServicesDemoApp;
			productName = BluemixMobileServicesDemoApp;
			productReference = CECCCC471D2C380000868C29 /* BluemixMobileServicesDemoApp.app */;
			productType = "com.apple.product-type.application";
		};
/* End PBXNativeTarget section */

/* Begin PBXProject section */
		CECCCC3F1D2C380000868C29 /* Project object */ = {
			isa = PBXProject;
			attributes = {
				LastSwiftUpdateCheck = 0730;
				LastUpgradeCheck = 0730;
				ORGANIZATIONNAME = "Conan Gammel";
				TargetAttributes = {
					CECCCC461D2C380000868C29 = {
						CreatedOnToolsVersion = 7.3.1;
					};
				};
			};
			buildConfigurationList = CECCCC421D2C380000868C29 /* Build configuration list for PBXProject "BluemixMobileServicesDemoApp" */;
			compatibilityVersion = "Xcode 3.2";
			developmentRegion = English;
			hasScannedForEncodings = 0;
			knownRegions = (
				en,
				Base,
			);
			mainGroup = CECCCC3E1D2C380000868C29;
			productRefGroup = CECCCC481D2C380000868C29 /* Products */;
			projectDirPath = "";
			projectRoot = "";
			targets = (
				CECCCC461D2C380000868C29 /* BluemixMobileServicesDemoApp */,
			);
		};
/* End PBXProject section */

/* Begin PBXResourcesBuildPhase section */
		CECCCC451D2C380000868C29 /* Resources */ = {
			isa = PBXResourcesBuildPhase;
			buildActionMask = 2147483647;
			files = (
				CECCCC551D2C380000868C29 /* LaunchScreen.storyboard in Resources */,
				CECCCC521D2C380000868C29 /* Assets.xcassets in Resources */,
				CECCCC501D2C380000868C29 /* Main.storyboard in Resources */,
			);
			runOnlyForDeploymentPostprocessing = 0;
		};
/* End PBXResourcesBuildPhase section */

/* Begin PBXSourcesBuildPhase section */
		CECCCC431D2C380000868C29 /* Sources */ = {
			isa = PBXSourcesBuildPhase;
			buildActionMask = 2147483647;
			files = (
				CECCD4851D301F0100112294 /* ToneScore.swift in Sources */,
				CECCCC4D1D2C380000868C29 /* ViewController.swift in Sources */,
				CECCCC5D1D2C530700868C29 /* EmailLinksController.swift in Sources */,
				CECCCC4B1D2C380000868C29 /* AppDelegate.swift in Sources */,
			);
			runOnlyForDeploymentPostprocessing = 0;
		};
/* End PBXSourcesBuildPhase section */

/* Begin PBXVariantGroup section */
		CECCCC4E1D2C380000868C29 /* Main.storyboard */ = {
			isa = PBXVariantGroup;
			children = (
				CECCCC4F1D2C380000868C29 /* Base */,
			);
			name = Main.storyboard;
			sourceTree = "<group>";
		};
		CECCCC531D2C380000868C29 /* LaunchScreen.storyboard */ = {
			isa = PBXVariantGroup;
			children = (
				CECCCC541D2C380000868C29 /* Base */,
			);
			name = LaunchScreen.storyboard;
			sourceTree = "<group>";
		};
/* End PBXVariantGroup section */

/* Begin XCBuildConfiguration section */
		CECCCC571D2C380000868C29 /* Debug */ = {
			isa = XCBuildConfiguration;
			buildSettings = {
				ALWAYS_SEARCH_USER_PATHS = NO;
				CLANG_ANALYZER_NONNULL = YES;
				CLANG_CXX_LANGUAGE_STANDARD = "gnu++0x";
				CLANG_CXX_LIBRARY = "libc++";
				CLANG_ENABLE_MODULES = YES;
				CLANG_ENABLE_OBJC_ARC = YES;
				CLANG_WARN_BOOL_CONVERSION = YES;
				CLANG_WARN_CONSTANT_CONVERSION = YES;
				CLANG_WARN_DIRECT_OBJC_ISA_USAGE = YES_ERROR;
				CLANG_WARN_EMPTY_BODY = YES;
				CLANG_WARN_ENUM_CONVERSION = YES;
				CLANG_WARN_INT_CONVERSION = YES;
				CLANG_WARN_OBJC_ROOT_CLASS = YES_ERROR;
				CLANG_WARN_UNREACHABLE_CODE = YES;
				CLANG_WARN__DUPLICATE_METHOD_MATCH = YES;
				"CODE_SIGN_IDENTITY[sdk=iphoneos*]" = "iPhone Developer";
				COPY_PHASE_STRIP = NO;
				DEBUG_INFORMATION_FORMAT = dwarf;
				ENABLE_STRICT_OBJC_MSGSEND = YES;
				ENABLE_TESTABILITY = YES;
				GCC_C_LANGUAGE_STANDARD = gnu99;
				GCC_DYNAMIC_NO_PIC = NO;
				GCC_NO_COMMON_BLOCKS = YES;
				GCC_OPTIMIZATION_LEVEL = 0;
				GCC_PREPROCESSOR_DEFINITIONS = (
					"DEBUG=1",
					"$(inherited)",
				);
				GCC_WARN_64_TO_32_BIT_CONVERSION = YES;
				GCC_WARN_ABOUT_RETURN_TYPE = YES_ERROR;
				GCC_WARN_UNDECLARED_SELECTOR = YES;
				GCC_WARN_UNINITIALIZED_AUTOS = YES_AGGRESSIVE;
				GCC_WARN_UNUSED_FUNCTION = YES;
				GCC_WARN_UNUSED_VARIABLE = YES;
				IPHONEOS_DEPLOYMENT_TARGET = 9.3;
				MTL_ENABLE_DEBUG_INFO = YES;
				ONLY_ACTIVE_ARCH = YES;
				SDKROOT = iphoneos;
				SWIFT_OPTIMIZATION_LEVEL = "-Onone";
			};
			name = Debug;
		};
		CECCCC581D2C380000868C29 /* Release */ = {
			isa = XCBuildConfiguration;
			buildSettings = {
				ALWAYS_SEARCH_USER_PATHS = NO;
				CLANG_ANALYZER_NONNULL = YES;
				CLANG_CXX_LANGUAGE_STANDARD = "gnu++0x";
				CLANG_CXX_LIBRARY = "libc++";
				CLANG_ENABLE_MODULES = YES;
				CLANG_ENABLE_OBJC_ARC = YES;
				CLANG_WARN_BOOL_CONVERSION = YES;
				CLANG_WARN_CONSTANT_CONVERSION = YES;
				CLANG_WARN_DIRECT_OBJC_ISA_USAGE = YES_ERROR;
				CLANG_WARN_EMPTY_BODY = YES;
				CLANG_WARN_ENUM_CONVERSION = YES;
				CLANG_WARN_INT_CONVERSION = YES;
				CLANG_WARN_OBJC_ROOT_CLASS = YES_ERROR;
				CLANG_WARN_UNREACHABLE_CODE = YES;
				CLANG_WARN__DUPLICATE_METHOD_MATCH = YES;
				"CODE_SIGN_IDENTITY[sdk=iphoneos*]" = "iPhone Developer";
				COPY_PHASE_STRIP = NO;
				DEBUG_INFORMATION_FORMAT = "dwarf-with-dsym";
				ENABLE_NS_ASSERTIONS = NO;
				ENABLE_STRICT_OBJC_MSGSEND = YES;
				GCC_C_LANGUAGE_STANDARD = gnu99;
				GCC_NO_COMMON_BLOCKS = YES;
				GCC_WARN_64_TO_32_BIT_CONVERSION = YES;
				GCC_WARN_ABOUT_RETURN_TYPE = YES_ERROR;
				GCC_WARN_UNDECLARED_SELECTOR = YES;
				GCC_WARN_UNINITIALIZED_AUTOS = YES_AGGRESSIVE;
				GCC_WARN_UNUSED_FUNCTION = YES;
				GCC_WARN_UNUSED_VARIABLE = YES;
				IPHONEOS_DEPLOYMENT_TARGET = 9.3;
				MTL_ENABLE_DEBUG_INFO = NO;
				SDKROOT = iphoneos;
				VALIDATE_PRODUCT = YES;
			};
			name = Release;
		};
		CECCCC5A1D2C380000868C29 /* Debug */ = {
			isa = XCBuildConfiguration;
			buildSettings = {
				ASSETCATALOG_COMPILER_APPICON_NAME = AppIcon;
				EMBEDDED_CONTENT_CONTAINS_SWIFT = YES;
				FRAMEWORK_SEARCH_PATHS = (
					"$(inherited)",
					"$(PROJECT_DIR)/Carthage/Build/iOS",
				);
				INFOPLIST_FILE = BluemixMobileServicesDemoApp/Info.plist;
				LD_RUNPATH_SEARCH_PATHS = "$(inherited) @executable_path/Frameworks";
				PRODUCT_BUNDLE_IDENTIFIER = com.ibm.BluemixMobileServicesDemoApp;
				PRODUCT_NAME = "$(TARGET_NAME)";
			};
			name = Debug;
		};
		CECCCC5B1D2C380000868C29 /* Release */ = {
			isa = XCBuildConfiguration;
			buildSettings = {
				ASSETCATALOG_COMPILER_APPICON_NAME = AppIcon;
				EMBEDDED_CONTENT_CONTAINS_SWIFT = YES;
				FRAMEWORK_SEARCH_PATHS = (
					"$(inherited)",
					"$(PROJECT_DIR)/Carthage/Build/iOS",
				);
				INFOPLIST_FILE = BluemixMobileServicesDemoApp/Info.plist;
				LD_RUNPATH_SEARCH_PATHS = "$(inherited) @executable_path/Frameworks";
				PRODUCT_BUNDLE_IDENTIFIER = com.ibm.BluemixMobileServicesDemoApp;
				PRODUCT_NAME = "$(TARGET_NAME)";
			};
			name = Release;
		};
/* End XCBuildConfiguration section */

/* Begin XCConfigurationList section */
		CECCCC421D2C380000868C29 /* Build configuration list for PBXProject "BluemixMobileServicesDemoApp" */ = {
			isa = XCConfigurationList;
			buildConfigurations = (
				CECCCC571D2C380000868C29 /* Debug */,
				CECCCC581D2C380000868C29 /* Release */,
			);
			defaultConfigurationIsVisible = 0;
			defaultConfigurationName = Release;
		};
		CECCCC591D2C380000868C29 /* Build configuration list for PBXNativeTarget "BluemixMobileServicesDemoApp" */ = {
			isa = XCConfigurationList;
			buildConfigurations = (
				CECCCC5A1D2C380000868C29 /* Debug */,
				CECCCC5B1D2C380000868C29 /* Release */,
			);
			defaultConfigurationIsVisible = 0;
			defaultConfigurationName = Release;
		};
/* End XCConfigurationList section */
	};
	rootObject = CECCCC3F1D2C380000868C29 /* Project object */;
}
